{
  "name": "mindgo-import-eval",
  "version": "1.0.0",
  "lockfileVersion": 3,
  "requires": true,
  "packages": {
    "": {
      "name": "mindgo-import-eval",
      "version": "1.0.0",
      "dependencies": {
        "@napi-rs/canvas": "1.0.9",
        "onnxruntime-node": "1.30.0",
        "ppu-paddle-ocr": "6.6.0"
      }
    },
    "node_modules/@napi-rs/canvas": {
      "version": "1.0.9",
      "resolved": "https://registry.npmjs.org/@napi-rs/canvas/-/canvas-1.0.9.tgz",
      "integrity": "sha512-QviPdJImDi/jMAvBfqaw+19BndMd/sizXVW3NnpMd3VJGz++QXkOHcP9kWR/smHG0hNjHeyuHFyrx/5lD0oNcQ==",
      "license": "MIT",
      "workspaces": [
        "e2e/*"
      ],
      "engines": {
        "node": ">= 10"
      },
      "funding": {
        "type": "github",
        "url": "https://github.com/sponsors/Brooooooklyn"
      },
      "optionalDependencies": {
        "@napi-rs/canvas-android-arm64": "1.0.9",
        "@napi-rs/canvas-darwin-arm64": "1.0.9",
        "@napi-rs/canvas-darwin-x64": "1.0.9",
        "@napi-rs/canvas-linux-arm-gnueabihf": "1.0.9",
        "@napi-rs/canvas-linux-arm64-gnu": "1.0.9",
        "@napi-rs/canvas-linux-arm64-musl": "1.0.9",
        "@napi-rs/canvas-linux-riscv64-gnu": "1.0.9",
        "@napi-rs/canvas-linux-x64-gnu": "1.0.9",
        "@napi-rs/canvas-linux-x64-musl": "1.0.9",
        "@napi-rs/canvas-win32-arm64-msvc": "1.0.9",
        "@napi-rs/canvas-win32-x64-msvc": "1.0.9"
      }
    },
    "node_modules/@napi-rs/canvas-android-arm64": {
      "version": "1.0.9",
      "resolved": "https://registry.npmjs.org/@napi-rs/canvas-android-arm64/-/canvas-android-arm64-1.0.9.tgz",
      "integrity": "sha512-4LGXk2/0HVzE29K8SzML5WubgCp++B1FH3qgl35XmSZE+lLdr6P9VRQEnZ0MCLZMTSuJP41yyhtoiVNEuvrTIA==",
      "cpu": [
        "arm64"
      ],
      "license": "MIT",
      "optional": true,
      "os": [
        "android"
      ],
      "engines": {
        "node": ">= 10"
      },
      "funding": {
        "type": "github",
        "url": "https://github.com/sponsors/Brooooooklyn"
      }
    },
    "node_modules/@napi-rs/canvas-darwin-arm64": {
      "version": "1.0.9",
      "resolved": "https://registry.npmjs.org/@napi-rs/canvas-darwin-arm64/-/canvas-darwin-arm64-1.0.9.tgz",
      "integrity": "sha512-YNdfLBzY0W/Pep9fo2L6RmoNlNksnn05LRnX66W63R3ij58S25QOTcjdtEt2v8+PnCESzqZsYzUo+QPeIR44NA==",
      "cpu": [
        "arm64"
      ],
      "license": "MIT",
      "optional": true,
      "os": [
        "darwin"
      ],
      "engines": {
        "node": ">= 10"
      },
      "funding": {
        "type": "github",
        "url": "https://github.com/sponsors/Brooooooklyn"
      }
    },
    "node_modules/@napi-rs/canvas-darwin-x64": {
      "version": "1.0.9",
      "resolved": "https://registry.npmjs.org/@napi-rs/canvas-darwin-x64/-/canvas-darwin-x64-1.0.9.tgz",
      "integrity": "sha512-ceZQSknTEcy3dOXoekv59LTCkXjvnLsq+VW5PeNNDHEPQbRS5Ervkm1EaDa7WLAjiYWMLuSQTRTHao1dEX4prg==",
      "cpu": [
        "x64"
      ],
      "license": "MIT",
      "optional": true,
      "os": [
        "darwin"
      ],
      "engines": {
        "node": ">= 10"
      },
      "funding": {
        "type": "github",
        "url": "https://github.com/sponsors/Brooooooklyn"
      }
    },
    "node_modules/@napi-rs/canvas-linux-arm-gnueabihf": {
      "version": "1.0.9",
      "resolved": "https://registry.npmjs.org/@napi-rs/canvas-linux-arm-gnueabihf/-/canvas-linux-arm-gnueabihf-1.0.9.tgz",
      "integrity": "sha512-XhfI0Wwv4llhd6nnWDtY3kQKjq0r+y1i91PlJlJI24ag2U9WrnwbG1qS3+fDLEyouwEVFchiKkTEHozK+5iUNA==",
      "cpu": [
        "arm"
      ],
      "license": "MIT",
      "optional": true,
      "os": [
        "linux"
      ],
      "engines": {
        "node": ">= 10"
      },
      "funding": {
        "type": "github",
        "url": "https://github.com/sponsors/Brooooooklyn"
      }
    },
    "node_modules/@napi-rs/canvas-linux-arm64-gnu": {
      "version": "1.0.9",
      "resolved": "https://registry.npmjs.org/@napi-rs/canvas-linux-arm64-gnu/-/canvas-linux-arm64-gnu-1.0.9.tgz",
      "integrity": "sha512-012oiYtKaE7i9oxc8q7nraT7kDOpLcaCmFLzVe9Ty34RHDdoDzbWLrVh827CNxYh/EADX1eSikA3ymLjo/nNuw==",
      "cpu": [
        "arm64"
      ],
      "libc": [
        "glibc"
      ],
      "license": "MIT",
      "optional": true,
      "os": [
        "linux"
      ],
      "engines": {
        "node": ">= 10"
      },
      "funding": {
        "type": "github",
        "url": "https://github.com/sponsors/Brooooooklyn"
      }
    },
    "node_modules/@napi-rs/canvas-linux-arm64-musl": {
      "version": "1.0.9",
      "resolved": "https://registry.npmjs.org/@napi-rs/canvas-linux-arm64-musl/-/canvas-linux-arm64-musl-1.0.9.tgz",
      "integrity": "sha512-Ls5UWYFFn63casTZEczbeyEg3vRDRkv9lscuGwfchtY5yLLQhgOB8SN4YGxmfJ5vTaBwZ2YUxBS3NtmjJmFXdA==",
      "cpu": [
        "arm64"
      ],
      "libc": [
        "musl"
      ],
      "license": "MIT",
      "optional": true,
      "os": [
        "linux"
      ],
      "engines": {
        "node": ">= 10"
      },
      "funding": {
        "type": "github",
        "url": "https://github.com/sponsors/Brooooooklyn"
      }
    },
    "node_modules/@napi-rs/canvas-linux-riscv64-gnu": {
      "version": "1.0.9",
      "resolved": "https://registry.npmjs.org/@napi-rs/canvas-linux-riscv64-gnu/-/canvas-linux-riscv64-gnu-1.0.9.tgz",
      "integrity": "sha512-hLKEGxV7ZiRHqndePTokgDMdBlo/rDfzg7P4p4QIv9pUhuYobnu3R2NIFLCRghG0nwfo+s2sw+c1xZFeCmEAsw==",
      "cpu": [
        "riscv64"
      ],
      "libc": [
        "glibc"
      ],
      "license": "MIT",
      "optional": true,
      "os": [
        "linux"
      ],
      "engines": {
        "node": ">= 10"
      },
      "funding": {
        "type": "github",
        "url": "https://github.com/sponsors/Brooooooklyn"
      }
    },
    "node_modules/@napi-rs/canvas-linux-x64-gnu": {
      "version": "1.0.9",
      "resolved": "https://registry.npmjs.org/@napi-rs/canvas-linux-x64-gnu/-/canvas-linux-x64-gnu-1.0.9.tgz",
      "integrity": "sha512-6kaz3w0QMy77PDWk6rJ1ksIihdad3qzEyX2o2oGT8GwCaypfT5mhjr8buOO5hstyLxcWXDScuz56RsINLtBPIQ==",
      "cpu": [
        "x64"
      ],
      "libc": [
        "glibc"
      ],
      "license": "MIT",
      "optional": true,
      "os": [
        "linux"
      ],
      "engines": {
        "node": ">= 10"
      },
      "funding": {
        "type": "github",
        "url": "https://github.com/sponsors/Brooooooklyn"
      }
    },
    "node_modules/@napi-rs/canvas-linux-x64-musl": {
      "version": "1.0.9",
      "resolved": "https://registry.npmjs.org/@napi-rs/canvas-linux-x64-musl/-/canvas-linux-x64-musl-1.0.9.tgz",
      "integrity": "sha512-xrGvmS3v55hmZ86ls/kBLVNMUTYio3f6Ik0DireemG994VfPAwiA3ZXA0Uf1bByctkB3NQ1Sfb+H5bkdUnnzfQ==",
      "cpu": [
        "x64"
      ],
      "libc": [
        "musl"
      ],
      "license": "MIT",
      "optional": true,
      "os": [
        "linux"
      ],
      "engines": {
        "node": ">= 10"
      },
      "funding": {
        "type": "github",
        "url": "https://github.com/sponsors/Brooooooklyn"
      }
    },
    "node_modules/@napi-rs/canvas-win32-arm64-msvc": {
      "version": "1.0.9",
      "resolved": "https://registry.npmjs.org/@napi-rs/canvas-win32-arm64-msvc/-/canvas-win32-arm64-msvc-1.0.9.tgz",
      "integrity": "sha512-yjmVS3ArZeRVCP7jqbPq4rpZa/BhTeI7ELE2XqJg3snICQBDevLZyArxswHkiTnT34KRic33/4fLirrHI+SY8A==",
      "cpu": [
        "arm64"
      ],
      "license": "MIT",
      "optional": true,
      "os": [
        "win32"
      ],
      "engines": {
        "node": ">= 10"
      },
      "funding": {
        "type": "github",
        "url": "https://github.com/sponsors/Brooooooklyn"
      }
    },
    "node_modules/@napi-rs/canvas-win32-x64-msvc": {
      "version": "1.0.9",
      "resolved": "https://registry.npmjs.org/@napi-rs/canvas-win32-x64-msvc/-/canvas-win32-x64-msvc-1.0.9.tgz",
      "integrity": "sha512-QlSYQdMQslB81nlABo9wNfQ6npFhE7/O+saCZdqVGueGanyRk4jCogD5EwQenfP3kIq9e+mm6GreQBjX5MrA8g==",
      "cpu": [
        "x64"
      ],
      "license": "MIT",
      "optional": true,
      "os": [
        "win32"
      ],
      "engines": {
        "node": ">= 10"
      },
      "funding": {
        "type": "github",
        "url": "https://github.com/sponsors/Brooooooklyn"
      }
    },
    "node_modules/@techstark/opencv-js": {
      "version": "5.0.0-release.1",
      "resolved": "https://registry.npmjs.org/@techstark/opencv-js/-/opencv-js-5.0.0-release.1.tgz",
      "integrity": "sha512-PIm+eB0MFtieXoNC2GRao0dv/02sehG+Nv2nSW5D6pQm6J/4WqvDHm0RyoqOmGYQm67jdGiaOdIeTShCY3PIUg==",
      "license": "Apache-2.0"
    },
    "node_modules/adm-zip": {
      "version": "0.6.1",
      "resolved": "https://registry.npmjs.org/adm-zip/-/adm-zip-0.6.1.tgz",
      "integrity": "sha512-Xwrja8nx9e5o2N1my4DsKCeKpdrnACyr1wtbPxBDgGzKzKyE9kRtBFA8mWldI+RVlD7CBZNWY/wQ2+ydwOR6kQ==",
      "license": "MIT",
      "engines": {
        "node": ">=14.0"
      }
    },
    "node_modules/define-data-property": {
      "version": "1.1.4",
      "resolved": "https://registry.npmjs.org/define-data-property/-/define-data-property-1.1.4.tgz",
      "integrity": "sha512-rBMvIzlpA8v6E+SJZoo++HAYqsLrkg7MSfIinMPFhmkorw7X+dOXVJQs+QT69zGkzMyfDnIMN2Wid1+NbL3T+A==",
      "license": "MIT",
      "dependencies": {
        "es-define-property": "^1.0.0",
        "es-errors": "^1.3.0",
        "gopd": "^1.0.1"
      },
      "engines": {
        "node": ">= 0.4"
      },
      "funding": {
        "url": "https://github.com/sponsors/ljharb"
      }
    },
    "node_modules/define-properties": {
      "version": "1.2.1",
      "resolved": "https://registry.npmjs.org/define-properties/-/define-properties-1.2.1.tgz",
      "integrity": "sha512-8QmQKqEASLd5nx0U1B1okLElbUuuttJ/AnYmRXbbbGDWh6uS208EjD4Xqq/I9wK7u0v6O08XhTWnt5XtEbR6Dg==",
      "license": "MIT",
      "dependencies": {
        "define-data-property": "^1.0.1",
        "has-property-descriptors": "^1.0.0",
        "object-keys": "^1.1.1"
      },
      "engines": {
        "node": ">= 0.4"
      },
      "funding": {
        "url": "https://github.com/sponsors/ljharb"
      }
    },
    "node_modules/es-define-property": {
      "version": "1.0.1",
      "resolved": "https://registry.npmjs.org/es-define-property/-/es-define-property-1.0.1.tgz",
      "integrity": "sha512-e3nRfgfUZ4rNGL232gUgX06QNyyez04KdjFrF+LTRoOXmrOgFKDg4BCdsjW8EnT69eqdYGmRpJwiPVYNrCaW3g==",
      "license": "MIT",
      "engines": {
        "node": ">= 0.4"
      }
    },
    "node_modules/es-errors": {
      "version": "1.3.0",
      "resolved": "https://registry.npmjs.org/es-errors/-/es-errors-1.3.0.tgz",
      "integrity": "sha512-Zf5H2Kxt2xjTvbJvP2ZWLEICxA6j+hAmMzIlypy4xcBg1vKVnx89Wy0GbS+kf5cwCVFFzdCFh2XSCFNULS6csw==",
      "license": "MIT",
      "engines": {
        "node": ">= 0.4"
      }
    },
    "node_modules/escape-string-regexp": {
      "version": "4.0.0",
      "resolved": "https://registry.npmjs.org/escape-string-regexp/-/escape-string-regexp-4.0.0.tgz",
      "integrity": "sha512-TtpcNJ3XAzx3Gq8sWRzJaVajRs0uVxA2YAkdb1jm2YkPz4G6egUFAyA3n5vtEIZefPk5Wa4UXbKuS5fKkJWdgA==",
      "license": "MIT",
      "engines": {
        "node": ">=10"
      },
      "funding": {
        "url": "https://github.com/sponsors/sindresorhus"
      }
    },
    "node_modules/global-agent": {
      "version": "4.1.3",
      "resolved": "https://registry.npmjs.org/global-agent/-/global-agent-4.1.3.tgz",
      "integrity": "sha512-KUJEViiuFT3I97t+GYMikLPJS2Lfo/S2F+DQuBWzuzaMPnvt5yyZePzArx36fBzpGTxZjIpDbXLeySLgh+k76g==",
      "license": "BSD-3-Clause",
      "dependencies": {
        "globalthis": "^1.0.2",
        "matcher": "^4.0.0",
        "semver": "^7.3.5",
        "serialize-error": "^8.1.0"
      },
      "engines": {
        "node": ">=10.0"
      }
    },
    "node_modules/globalthis": {
      "version": "1.0.4",
      "resolved": "https://registry.npmjs.org/globalthis/-/globalthis-1.0.4.tgz",
      "integrity": "sha512-DpLKbNU4WylpxJykQujfCcwYWiV/Jhm50Goo0wrVILAv5jOr9d+H+UR3PhSCD2rCCEIg0uc+G+muBTwD54JhDQ==",
      "license": "MIT",
      "dependencies": {
        "define-properties": "^1.2.1",
        "gopd": "^1.0.1"
      },
      "engines": {
        "node": ">= 0.4"
      },
      "funding": {
        "url": "https://github.com/sponsors/ljharb"
      }
    },
    "node_modules/gopd": {
      "version": "1.2.0",
      "resolved": "https://registry.npmjs.org/gopd/-/gopd-1.2.0.tgz",
      "integrity": "sha512-ZUKRh6/kUFoAiTAtTYPZJ3hw9wNxx+BIBOijnlG9PnrJsCcSjs1wyyD6vJpaYtgnzDrKYRSqf3OO6Rfa93xsRg==",
      "license": "MIT",
      "engines": {
        "node": ">= 0.4"
      },
      "funding": {
        "url": "https://github.com/sponsors/ljharb"
      }
    },
    "node_modules/has-property-descriptors": {
      "version": "1.0.2",
      "resolved": "https://registry.npmjs.org/has-property-descriptors/-/has-property-descriptors-1.0.2.tgz",
      "integrity": "sha512-55JNKuIW+vq4Ke1BjOTjM2YctQIvCT7GFzHwmfZPGo5wnrgkid0YQtnAleFSqumZm4az3n2BS+erby5ipJdgrg==",
      "license": "MIT",
      "dependencies": {
        "es-define-property": "^1.0.0"
      },
      "funding": {
        "url": "https://github.com/sponsors/ljharb"
      }
    },
    "node_modules/matcher": {
      "version": "4.0.0",
      "resolved": "https://registry.npmjs.org/matcher/-/matcher-4.0.0.tgz",
      "integrity": "sha512-S6x5wmcDmsDRRU/c2dkccDwQPXoFczc5+HpQ2lON8pnvHlnvHAHj5WlLVvw6n6vNyHuVugYrFohYxbS+pvFpKQ==",
      "license": "MIT",
      "dependencies": {
        "escape-string-regexp": "^4.0.0"
      },
      "engines": {
        "node": ">=10"
      },
      "funding": {
        "url": "https://github.com/sponsors/sindresorhus"
      }
    },
    "node_modules/object-keys": {
      "version": "1.1.1",
      "resolved": "https://registry.npmjs.org/object-keys/-/object-keys-1.1.1.tgz",
      "integrity": "sha512-NuAESUOUMrlIXOfHKzD6bpPu3tYt3xvjNdRIQ+FeT0lNb4K8WR70CaDxhuNguS2XG+GjkyMwOzsN5ZktImfhLA==",
      "license": "MIT",
      "engines": {
        "node": ">= 0.4"
      }
    },
    "node_modules/onnxruntime-common": {
      "version": "1.30.0",
      "resolved": "https://registry.npmjs.org/onnxruntime-common/-/onnxruntime-common-1.30.0.tgz",
      "integrity": "sha512-7fdVWjAID1dVhH/G8qK3APARunV4VkBFoCQAP7qp4Wkab0mrorvmc+sqiT+mKXOzDqdjN5j+/Z9nb4gzNPWcyA==",
      "license": "MIT"
    },
    "node_modules/onnxruntime-node": {
      "version": "1.30.0",
      "resolved": "https://registry.npmjs.org/onnxruntime-node/-/onnxruntime-node-1.30.0.tgz",
      "integrity": "sha512-twhs1C2C/BFkz1yc5OY0KIU2GUq6DURO7hD4bx5Q2Qy3nAMJwRXW8xU3NVczE29VA9lolLOYepoD8fjTGOfIqw==",
      "hasInstallScript": true,
      "license": "MIT",
      "os": [
        "win32",
        "darwin",
        "linux"
      ],
      "dependencies": {
        "adm-zip": "^0.6.0",
        "global-agent": "^4.1.3",
        "onnxruntime-common": "1.30.0"
      }
    },
    "node_modules/ppu-ocv": {
      "version": "4.0.0",
      "resolved": "https://registry.npmjs.org/ppu-ocv/-/ppu-ocv-4.0.0.tgz",
      "integrity": "sha512-ol+S9/KLZ0aTV0xbC8+ZB0iM+FYux8ujoULeQoYY2IDBZj4LAuujJUkzHzUA2O3KzHs17KuuIzV/w4/htPdn3w==",
      "license": "MIT",
      "dependencies": {
        "@napi-rs/canvas": "^1.0.0",
        "@techstark/opencv-js": "^5.0.0-release.1"
      },
      "peerDependencies": {
        "@shopify/react-native-skia": ">=1.0.0"
      },
      "peerDependenciesMeta": {
        "@shopify/react-native-skia": {
          "optional": true
        }
      }
    },
    "node_modules/ppu-paddle-ocr": {
      "version": "6.6.0",
      "resolved": "https://registry.npmjs.org/ppu-paddle-ocr/-/ppu-paddle-ocr-6.6.0.tgz",
      "integrity": "sha512-AsnJz5ZccJcbgzwYpfEYrockPcr9g7m4AiJjgbGbVS52rJnnTqXCEXwlynyBj3LPi7iFzUki+w6PEiQsMorW7g==",
      "license": "MIT",
      "dependencies": {
        "ppu-ocv": "^4.0.0"
      },
      "bin": {
        "ppu-paddle-ocr": "cli/index.js"
      },
      "peerDependencies": {
        "@shopify/react-native-skia": ">=1.0.0",
        "onnxruntime-node": "^1.23.2",
        "onnxruntime-react-native": "^1.23.2",
        "onnxruntime-web": "^1.23.2"
      },
      "peerDependenciesMeta": {
        "@shopify/react-native-skia": {
          "optional": true
        },
        "onnxruntime-node": {
          "optional": true
        },
        "onnxruntime-react-native": {
          "optional": true
        },
        "onnxruntime-web": {
          "optional": true
        }
      }
    },
    "node_modules/semver": {
      "version": "7.8.5",
      "resolved": "https://registry.npmjs.org/semver/-/semver-7.8.5.tgz",
      "integrity": "sha512-Y7/KDsb8LjooZpwaqGyulO6DQlksgCncchHGk+sZIY4SBvUocMBEFH5Ur1fI4dV+Jvl0w6cjvucaIi40puRioA==",
      "license": "ISC",
      "bin": {
        "semver": "bin/semver.js"
      },
      "engines": {
        "node": ">=10"
      }
    },
    "node_modules/serialize-error": {
      "version": "8.1.0",
      "resolved": "https://registry.npmjs.org/serialize-error/-/serialize-error-8.1.0.tgz",
      "integrity": "sha512-3NnuWfM6vBYoy5gZFvHiYsVbafvI9vZv/+jlIigFn4oP4zjNPK3LhcY0xSCgeb1a5L8jO71Mit9LlNoi2UfDDQ==",
      "license": "MIT",
      "dependencies": {
        "type-fest": "^0.20.2"
      },
      "engines": {
        "node": ">=10"
      },
      "funding": {
        "url": "https://github.com/sponsors/sindresorhus"
      }
    },
    "node_modules/type-fest": {
      "version": "0.20.2",
      "resolved": "https://registry.npmjs.org/type-fest/-/type-fest-0.20.2.tgz",
      "integrity": "sha512-Ne+eE4r0/iWnpAxD852z3A+N0Bt5RN//NjJwRd2VFHEmrywxf5vsZlh4R6lixl6B+wz/8d+maTSAkN1FIkI3LQ==",
      "license": "(MIT OR CC0-1.0)",
      "engines": {
        "node": ">=10"
      },
      "funding": {
        "url": "https://github.com/sponsors/sindresorhus"
      }
    }
  }
}
